
Microsoft Visual Studio Solution File, Format Version 12.00
# Visual Studio Version 16
VisualStudioVersion = 16.0.29709.97
MinimumVisualStudioVersion = 10.0.40219.1
Project("{2150E333-8FDC-42A3-9474-1A3956D46DE8}") = "src", "src", "{893E0247-2107-4777-AA9A-23A8A7B5C8E7}"
EndProject
Project("{2150E333-8FDC-42A3-9474-1A3956D46DE8}") = "Core", "Core", "{4E90C713-95F8-4884-AA54-0A4204598CB3}"
EndProject
Project("{2150E333-8FDC-42A3-9474-1A3956D46DE8}") = "Presentation", "Presentation", "{61AC64AE-7980-4180-90DE-52073FF4BD5E}"
EndProject
Project("{9A19103F-16F7-4668-BE54-9A1E7A4F7556}") = "WebApi", "src\WebApi\WebApi.csproj", "{7D79DE7A-477E-4145-A382-4BEE357568B5}"
EndProject
Project("{9A19103F-16F7-4668-BE54-9A1E7A4F7556}") = "Domain", "src\Domain\Domain.csproj", "{8ADDADAD-CC0F-41FD-BB5A-847304A72F94}"
EndProject
Project("{9A19103F-16F7-4668-BE54-9A1E7A4F7556}") = "Common", "src\Common\Common.csproj", "{96970294-2B8F-4EB7-A812-7CB8C31B49F0}"
EndProject
Project("{9A19103F-16F7-4668-BE54-9A1E7A4F7556}") = "Application", "src\Application\Application.csproj", "{14AA714E-70A2-49ED-AE82-A87271989052}"
EndProject
Project("{9A19103F-16F7-4668-BE54-9A1E7A4F7556}") = "Infrastructure", "src\Infrastructure\Infrastructure.csproj", "{8CFBF35D-6A82-4A09-B390-E81417F6FE53}"
EndProject
Project("{2150E333-8FDC-42A3-9474-1A3956D46DE8}") = "Infrastructure", "Infrastructure", "{366440C9-F7ED-4D09-89A0-DFCC66BA8F96}"
EndProject
Project("{9A19103F-16F7-4668-BE54-9A1E7A4F7556}") = "Persistence", "src\Persistence\Persistence.csproj", "{518132FC-94DF-4E37-B0FF-45D1685EA781}"
EndProject
Project("{E24C65DC-7377-472B-9ABA-BC803B73C61A}") = "WebUI", "src\WebUI\", "{E08FEC96-0C4D-4940-B489-29975A58D5EB}"
	ProjectSection(WebsiteProperties) = preProject
		TargetFrameworkMoniker = ".NETFramework,Version%3Dv4.0"
		Debug.AspNetCompiler.VirtualPath = "/localhost_58886"
		Debug.AspNetCompiler.PhysicalPath = "src\WebUI\"
		Debug.AspNetCompiler.TargetPath = "PrecompiledWeb\localhost_58886\"
		Debug.AspNetCompiler.Updateable = "true"
		Debug.AspNetCompiler.ForceOverwrite = "true"
		Debug.AspNetCompiler.FixedNames = "false"
		Debug.AspNetCompiler.Debug = "True"
		Release.AspNetCompiler.VirtualPath = "/localhost_58886"
		Release.AspNetCompiler.PhysicalPath = "src\WebUI\"
		Release.AspNetCompiler.TargetPath = "PrecompiledWeb\localhost_58886\"
		Release.AspNetCompiler.Updateable = "true"
		Release.AspNetCompiler.ForceOverwrite = "true"
		Release.AspNetCompiler.FixedNames = "false"
		Release.AspNetCompiler.Debug = "False"
		VWDPort = "58886"
		SlnRelativePath = "src\WebUI\"
	EndProjectSection
EndProject
Global
	GlobalSection(SolutionConfigurationPlatforms) = preSolution
		Debug|Any CPU = Debug|Any CPU
		Release|Any CPU = Release|Any CPU
	EndGlobalSection
	GlobalSection(ProjectConfigurationPlatforms) = postSolution
		{7D79DE7A-477E-4145-A382-4BEE357568B5}.Debug|Any CPU.ActiveCfg = Debug|Any CPU
		{7D79DE7A-477E-4145-A382-4BEE357568B5}.Debug|Any CPU.Build.0 = Debug|Any CPU
		{7D79DE7A-477E-4145-A382-4BEE357568B5}.Release|Any CPU.ActiveCfg = Release|Any CPU
		{7D79DE7A-477E-4145-A382-4BEE357568B5}.Release|Any CPU.Build.0 = Release|Any CPU
		{8ADDADAD-CC0F-41FD-BB5A-847304A72F94}.Debug|Any CPU.ActiveCfg = Debug|Any CPU
		{8ADDADAD-CC0F-41FD-BB5A-847304A72F94}.Debug|Any CPU.Build.0 = Debug|Any CPU
		{8ADDADAD-CC0F-41FD-BB5A-847304A72F94}.Release|Any CPU.ActiveCfg = Release|Any CPU
		{8ADDADAD-CC0F-41FD-BB5A-847304A72F94}.Release|Any CPU.Build.0 = Release|Any CPU
		{96970294-2B8F-4EB7-A812-7CB8C31B49F0}.Debug|Any CPU.ActiveCfg = Debug|Any CPU
		{96970294-2B8F-4EB7-A812-7CB8C31B49F0}.Debug|Any CPU.Build.0 = Debug|Any CPU
		{96970294-2B8F-4EB7-A812-7CB8C31B49F0}.Release|Any CPU.ActiveCfg = Release|Any CPU
		{96970294-2B8F-4EB7-A812-7CB8C31B49F0}.Release|Any CPU.Build.0 = Release|Any CPU
		{14AA714E-70A2-49ED-AE82-A87271989052}.Debug|Any CPU.ActiveCfg = Debug|Any CPU
		{14AA714E-70A2-49ED-AE82-A87271989052}.Debug|Any CPU.Build.0 = Debug|Any CPU
		{14AA714E-70A2-49ED-AE82-A87271989052}.Release|Any CPU.ActiveCfg = Release|Any CPU
		{14AA714E-70A2-49ED-AE82-A87271989052}.Release|Any CPU.Build.0 = Release|Any CPU
		{8CFBF35D-6A82-4A09-B390-E81417F6FE53}.Debug|Any CPU.ActiveCfg = Debug|Any CPU
		{8CFBF35D-6A82-4A09-B390-E81417F6FE53}.Debug|Any CPU.Build.0 = Debug|Any CPU
		{8CFBF35D-6A82-4A09-B390-E81417F6FE53}.Release|Any CPU.ActiveCfg = Release|Any CPU
		{8CFBF35D-6A82-4A09-B390-E81417F6FE53}.Release|Any CPU.Build.0 = Release|Any CPU
		{518132FC-94DF-4E37-B0FF-45D1685EA781}.Debug|Any CPU.ActiveCfg = Debug|Any CPU
		{518132FC-94DF-4E37-B0FF-45D1685EA781}.Debug|Any CPU.Build.0 = Debug|Any CPU
		{518132FC-94DF-4E37-B0FF-45D1685EA781}.Release|Any CPU.ActiveCfg = Release|Any CPU
		{518132FC-94DF-4E37-B0FF-45D1685EA781}.Release|Any CPU.Build.0 = Release|Any CPU
		{E08FEC96-0C4D-4940-B489-29975A58D5EB}.Debug|Any CPU.ActiveCfg = Debug|Any CPU
		{E08FEC96-0C4D-4940-B489-29975A58D5EB}.Debug|Any CPU.Build.0 = Debug|Any CPU
		{E08FEC96-0C4D-4940-B489-29975A58D5EB}.Release|Any CPU.ActiveCfg = Debug|Any CPU
		{E08FEC96-0C4D-4940-B489-29975A58D5EB}.Release|Any CPU.Build.0 = Debug|Any CPU
	EndGlobalSection
	GlobalSection(SolutionProperties) = preSolution
		HideSolutionNode = FALSE
	EndGlobalSection
	GlobalSection(NestedProjects) = preSolution
		{4E90C713-95F8-4884-AA54-0A4204598CB3} = {893E0247-2107-4777-AA9A-23A8A7B5C8E7}
		{61AC64AE-7980-4180-90DE-52073FF4BD5E} = {893E0247-2107-4777-AA9A-23A8A7B5C8E7}
		{7D79DE7A-477E-4145-A382-4BEE357568B5} = {61AC64AE-7980-4180-90DE-52073FF4BD5E}
		{8ADDADAD-CC0F-41FD-BB5A-847304A72F94} = {4E90C713-95F8-4884-AA54-0A4204598CB3}
		{96970294-2B8F-4EB7-A812-7CB8C31B49F0} = {4E90C713-95F8-4884-AA54-0A4204598CB3}
		{14AA714E-70A2-49ED-AE82-A87271989052} = {4E90C713-95F8-4884-AA54-0A4204598CB3}
		{8CFBF35D-6A82-4A09-B390-E81417F6FE53} = {366440C9-F7ED-4D09-89A0-DFCC66BA8F96}
		{366440C9-F7ED-4D09-89A0-DFCC66BA8F96} = {893E0247-2107-4777-AA9A-23A8A7B5C8E7}
		{518132FC-94DF-4E37-B0FF-45D1685EA781} = {366440C9-F7ED-4D09-89A0-DFCC66BA8F96}
		{E08FEC96-0C4D-4940-B489-29975A58D5EB} = {61AC64AE-7980-4180-90DE-52073FF4BD5E}
	EndGlobalSection
	GlobalSection(ExtensibilityGlobals) = postSolution
		SolutionGuid = {355CF3B1-82FA-40F9-98E0-C158B61AF1C7}
	EndGlobalSection
EndGlobal
